
Microsoft Visual Studio Solution File, Format Version 12.00
# Visual Studio Version 16
VisualStudioVersion = 16.0.34729.46
MinimumVisualStudioVersion = 10.0.40219.1
Project("{FAE04EC0-301F-11D3-BF4B-00C04F79EFBC}") = "CalculadoradeFiguras", "CalculadoradeFiguras.csproj", "{9EFCC0F1-3009-4857-AE32-AA3EB42D88EC}"
EndProject
Global
	GlobalSection(SolutionConfigurationPlatforms) = preSolution
		Debug|Any CPU = Debug|Any CPU
		Release|Any CPU = Release|Any CPU
	EndGlobalSection
	GlobalSection(ProjectConfigurationPlatforms) = postSolution
		{9EFCC0F1-3009-4857-AE32-AA3EB42D88EC}.Debug|Any CPU.ActiveCfg = Debug|Any CPU
		{9EFCC0F1-3009-4857-AE32-AA3EB42D88EC}.Debug|Any CPU.Build.0 = Debug|Any CPU
		{9EFCC0F1-3009-4857-AE32-AA3EB42D88EC}.Release|Any CPU.ActiveCfg = Release|Any CPU
		{9EFCC0F1-3009-4857-AE32-AA3EB42D88EC}.Release|Any CPU.Build.0 = Release|Any CPU
	EndGlobalSection
	GlobalSection(SolutionProperties) = preSolution
		HideSolutionNode = FALSE
	EndGlobalSection
	GlobalSection(ExtensibilityGlobals) = postSolution
		SolutionGuid = {38DE13E7-D798-477D-8A9D-11322C41AC31}
	EndGlobalSection
EndGlobal
